
Microsoft Visual Studio Solution File, Format Version 12.00
# Visual Studio Version 16
VisualStudioVersion = 16.0.31613.86
MinimumVisualStudioVersion = 10.0.40219.1
Project("{2150E333-8FDC-42A3-9474-1A3956D46DE8}") = "Aplication", "Aplication", "{4FCE73F6-4616-462A-BF24-C87FD2B06984}"
EndProject
Project("{9A19103F-16F7-4668-BE54-9A1E7A4F7556}") = "Msa.Employee.Api", "Msa.Employee.Api\Msa.Employee.Api.csproj", "{4571B0DF-4817-455C-B1B3-C3DC878F1BBC}"
EndProject
Project("{2150E333-8FDC-42A3-9474-1A3956D46DE8}") = "Domain", "Domain", "{94E4FACE-C783-4889-824B-33CABA427A69}"
EndProject
Project("{FAE04EC0-301F-11D3-BF4B-00C04F79EFBC}") = "Msa.Employee.Domain", "Msa.Employee.Domain\Msa.Employee.Domain.csproj", "{6893FD68-8D74-4560-AD06-AAB9CA36F2E0}"
EndProject
Project("{2150E333-8FDC-42A3-9474-1A3956D46DE8}") = "Infrastructure", "Infrastructure", "{DF49DDF1-7CAB-4089-859C-8AE1D8DAF7F3}"
EndProject
Project("{2150E333-8FDC-42A3-9474-1A3956D46DE8}") = "CrossCutting", "CrossCutting", "{ED597ECC-95CB-423E-BF43-709EFD24E85F}"
EndProject
Project("{FAE04EC0-301F-11D3-BF4B-00C04F79EFBC}") = "Msa.Employee.CrossCutting", "Msa.Employee.CrossCutting\Msa.Employee.CrossCutting.csproj", "{6783BFD9-6CB2-4896-BF10-B92CDC80AA99}"
EndProject
Project("{FAE04EC0-301F-11D3-BF4B-00C04F79EFBC}") = "Msa.Employee.Infrastructure.Data", "Msa.Employee.Infrastructure.Data\Msa.Employee.Infrastructure.Data.csproj", "{CE16C23F-062E-4B44-B454-1F7026C64841}"
EndProject
Global
	GlobalSection(SolutionConfigurationPlatforms) = preSolution
		Debug|Any CPU = Debug|Any CPU
		Release|Any CPU = Release|Any CPU
	EndGlobalSection
	GlobalSection(ProjectConfigurationPlatforms) = postSolution
		{4571B0DF-4817-455C-B1B3-C3DC878F1BBC}.Debug|Any CPU.ActiveCfg = Debug|Any CPU
		{4571B0DF-4817-455C-B1B3-C3DC878F1BBC}.Debug|Any CPU.Build.0 = Debug|Any CPU
		{4571B0DF-4817-455C-B1B3-C3DC878F1BBC}.Release|Any CPU.ActiveCfg = Release|Any CPU
		{4571B0DF-4817-455C-B1B3-C3DC878F1BBC}.Release|Any CPU.Build.0 = Release|Any CPU
		{6893FD68-8D74-4560-AD06-AAB9CA36F2E0}.Debug|Any CPU.ActiveCfg = Debug|Any CPU
		{6893FD68-8D74-4560-AD06-AAB9CA36F2E0}.Debug|Any CPU.Build.0 = Debug|Any CPU
		{6893FD68-8D74-4560-AD06-AAB9CA36F2E0}.Release|Any CPU.ActiveCfg = Release|Any CPU
		{6893FD68-8D74-4560-AD06-AAB9CA36F2E0}.Release|Any CPU.Build.0 = Release|Any CPU
		{6783BFD9-6CB2-4896-BF10-B92CDC80AA99}.Debug|Any CPU.ActiveCfg = Debug|Any CPU
		{6783BFD9-6CB2-4896-BF10-B92CDC80AA99}.Debug|Any CPU.Build.0 = Debug|Any CPU
		{6783BFD9-6CB2-4896-BF10-B92CDC80AA99}.Release|Any CPU.ActiveCfg = Release|Any CPU
		{6783BFD9-6CB2-4896-BF10-B92CDC80AA99}.Release|Any CPU.Build.0 = Release|Any CPU
		{CE16C23F-062E-4B44-B454-1F7026C64841}.Debug|Any CPU.ActiveCfg = Debug|Any CPU
		{CE16C23F-062E-4B44-B454-1F7026C64841}.Debug|Any CPU.Build.0 = Debug|Any CPU
		{CE16C23F-062E-4B44-B454-1F7026C64841}.Release|Any CPU.ActiveCfg = Release|Any CPU
		{CE16C23F-062E-4B44-B454-1F7026C64841}.Release|Any CPU.Build.0 = Release|Any CPU
	EndGlobalSection
	GlobalSection(SolutionProperties) = preSolution
		HideSolutionNode = FALSE
	EndGlobalSection
	GlobalSection(NestedProjects) = preSolution
		{4571B0DF-4817-455C-B1B3-C3DC878F1BBC} = {4FCE73F6-4616-462A-BF24-C87FD2B06984}
		{6893FD68-8D74-4560-AD06-AAB9CA36F2E0} = {94E4FACE-C783-4889-824B-33CABA427A69}
		{6783BFD9-6CB2-4896-BF10-B92CDC80AA99} = {ED597ECC-95CB-423E-BF43-709EFD24E85F}
		{CE16C23F-062E-4B44-B454-1F7026C64841} = {DF49DDF1-7CAB-4089-859C-8AE1D8DAF7F3}
	EndGlobalSection
	GlobalSection(ExtensibilityGlobals) = postSolution
		SolutionGuid = {8D1850BE-E1B3-4796-9DF2-B06A5BE4D658}
	EndGlobalSection
EndGlobal
